{
  "version": 4,
  "terraform_version": "1.6.6",
  "serial": 10,
  "lineage": "9be98122-ad2b-b133-f8ae-95bb40c620b4",
  "outputs": {},
  "resources": [
    {
      "mode": "managed",
      "type": "aws_iam_policy",
      "name": "read-write-app-bucket-policy",
      "provider": "provider[\"registry.terraform.io/hashicorp/aws\"]",
      "instances": [
        {
          "schema_version": 0,
          "attributes": {
            "arn": "arn:aws:iam::381491918057:policy/read-write-app-bucket",
            "attachment_count": 0,
            "description": "",
            "id": "arn:aws:iam::381491918057:policy/read-write-app-bucket",
            "name": "read-write-app-bucket",
            "name_prefix": "",
            "path": "/",
            "policy": "{\"Statement\":[{\"Action\":\"s3:ListAllMyBuckets\",\"Effect\":\"Allow\",\"Resource\":\"*\"},{\"Action\":[\"s3:ListBucket\",\"s3:GetBucketLocation\"],\"Effect\":\"Allow\",\"Resource\":\"arn:aws:s3:::shared-container-381491918057\"},{\"Action\":[\"s3:GetObject\",\"s3:PutObject\",\"s3:DeleteObject\"],\"Effect\":\"Allow\",\"Resource\":\"arn:aws:s3:::shared-container-381491918057/*\"}],\"Version\":\"2012-10-17\"}",
            "policy_id": "ANPAVRUVQWTUVMUZSLXRR",
            "tags": {},
            "tags_all": {}
          },
          "sensitive_attributes": [],
          "private": "bnVsbA=="
        }
      ]
    },
    {
      "mode": "managed",
      "type": "aws_iam_role",
      "name": "UpdateDataRole",
      "provider": "provider[\"registry.terraform.io/hashicorp/aws\"]",
      "instances": [
        {
          "schema_version": 0,
          "attributes": {
            "arn": "arn:aws:iam::381491918057:role/UpdateData",
            "assume_role_policy": "{\"Statement\":[{\"Action\":\"sts:AssumeRole\",\"Condition\":{},\"Effect\":\"Allow\",\"Principal\":{\"AWS\":\"arn:aws:iam::767398097783:root\"}}],\"Version\":\"2012-10-17\"}",
            "create_date": "2024-07-22T11:15:40Z",
            "description": "",
            "force_detach_policies": false,
            "id": "UpdateData",
            "inline_policy": [],
            "managed_policy_arns": [],
            "max_session_duration": 3600,
            "name": "UpdateData",
            "name_prefix": "",
            "path": "/",
            "permissions_boundary": "",
            "tags": {},
            "tags_all": {},
            "unique_id": "AROAVRUVQWTU2GD4QETL4"
          },
          "sensitive_attributes": [],
          "private": "bnVsbA=="
        }
      ]
    },
    {
      "mode": "managed",
      "type": "aws_iam_role_policy_attachment",
      "name": "read-write-app-bucket-policy-attachment",
      "provider": "provider[\"registry.terraform.io/hashicorp/aws\"]",
      "instances": [
        {
          "schema_version": 0,
          "attributes": {
            "id": "UpdateData-20240722112044844900000001",
            "policy_arn": "arn:aws:iam::381491918057:policy/read-write-app-bucket",
            "role": "UpdateData"
          },
          "sensitive_attributes": [],
          "private": "bnVsbA==",
          "dependencies": [
            "aws_iam_policy.read-write-app-bucket-policy",
            "aws_iam_role.UpdateDataRole"
          ]
        }
      ]
    }
  ],
  "check_results": null
}
